{
  "name": "anime-tutorial",
  "version": "1.0.0",
  "lockfileVersion": 1,
  "requires": true,
  "dependencies": {
    "@types/animejs": {
      "version": "3.1.2",
      "resolved": "https://registry.npmjs.org/@types/animejs/-/animejs-3.1.2.tgz",
      "integrity": "sha512-GyyuoztWbZMErx9brJQChvvfeMd5vplWU/H6BYVl7JUcLoMaDOVxlqF3d4ypB7TzXnbgnMSykGmjAVVRsvhHhQ==",
      "dev": true
    },
    "animejs": {
      "version": "3.2.1",
      "resolved": "https://registry.npmjs.org/animejs/-/animejs-3.2.1.tgz",
      "integrity": "sha512-sWno3ugFryK5nhiDm/2BKeFCpZv7vzerWUcUPyAZLDhMek3+S/p418ldZJbJXo5ZUOpfm2kP2XRO4NJcULMy9A=="
    },
    "typescript": {
      "version": "4.1.2",
      "resolved": "https://registry.npmjs.org/typescript/-/typescript-4.1.2.tgz",
      "integrity": "sha512-thGloWsGH3SOxv1SoY7QojKi0tc+8FnOmiarEGMbd/lar7QOEd3hvlx3Fp5y6FlDUGl9L+pd4n2e+oToGMmhRQ==",
      "dev": true
    }
  }
}
